<?xml version="1.0" encoding="utf-8"?>
<Project ToolsVersion="4.0" xmlns="http://schemas.microsoft.com/developer/msbuild/2003">
  <ItemGroup>
    <Filter Include="源文件">
      <UniqueIdentifier>{4FC737F1-C7A5-4376-A066-2A32D752A2FF}</UniqueIdentifier>
      <Extensions>cpp;c;cc;cxx;c++;cppm;ixx;def;odl;idl;hpj;bat;asm;asmx</Extensions>
    </Filter>
    <Filter Include="头文件">
      <UniqueIdentifier>{93995380-89BD-4b04-88EB-625FBE52EBFB}</UniqueIdentifier>
      <Extensions>h;hh;hpp;hxx;h++;hm;inl;inc;ipp;xsd</Extensions>
    </Filter>
    <Filter Include="资源文件">
      <UniqueIdentifier>{67DA6AB6-F800-4c08-8B7A-83BB121AAD01}</UniqueIdentifier>
      <Extensions>rc;ico;cur;bmp;dlg;rc2;rct;bin;rgs;gif;jpg;jpeg;jpe;resx;tiff;tif;png;wav;mfcribbon-ms</Extensions>
    </Filter>
  </ItemGroup>
  <ItemGroup>
    <ClInclude Include="myDBMS1.h">
      <Filter>头文件</Filter>
    </ClInclude>
    <ClInclude Include="framework.h">
      <Filter>头文件</Filter>
    </ClInclude>
    <ClInclude Include="targetver.h">
      <Filter>头文件</Filter>
    </ClInclude>
    <ClInclude Include="MainFrm.h">
      <Filter>头文件</Filter>
    </ClInclude>
    <ClInclude Include="myDBMS1Doc.h">
      <Filter>头文件</Filter>
    </ClInclude>
    <ClInclude Include="myDBMS1View.h">
      <Filter>头文件</Filter>
    </ClInclude>
    <ClInclude Include="Resource.h">
      <Filter>头文件</Filter>
    </ClInclude>
    <ClInclude Include="pch.h">
      <Filter>头文件</Filter>
    </ClInclude>
    <ClInclude Include="DBModel.h">
      <Filter>头文件</Filter>
    </ClInclude>
    <ClInclude Include="DBOp.h">
      <Filter>头文件</Filter>
    </ClInclude>
    <ClInclude Include="FileOp.h">
      <Filter>头文件</Filter>
    </ClInclude>
    <ClInclude Include="CDBView.h">
      <Filter>头文件</Filter>
    </ClInclude>
    <ClInclude Include="TableView.h">
      <Filter>头文件</Filter>
    </ClInclude>
    <ClInclude Include="ParseSQL.h">
      <Filter>头文件</Filter>
    </ClInclude>
    <ClInclude Include="SqlDialog.h">
      <Filter>头文件</Filter>
    </ClInclude>
    <ClInclude Include="TableModel.h">
      <Filter>头文件</Filter>
    </ClInclude>
    <ClInclude Include="TableOp.h">
      <Filter>头文件</Filter>
    </ClInclude>
    <ClInclude Include="FieldModel.h">
      <Filter>头文件</Filter>
    </ClInclude>
    <ClInclude Include="FieldOp.h">
      <Filter>头文件</Filter>
    </ClInclude>
    <ClInclude Include="FieldDialog.h">
      <Filter>头文件</Filter>
    </ClInclude>
    <ClInclude Include="DataModel.h">
      <Filter>头文件</Filter>
    </ClInclude>
    <ClInclude Include="DataOp.h">
      <Filter>头文件</Filter>
    </ClInclude>
    <ClInclude Include="DataInsertDlg.h">
      <Filter>头文件</Filter>
    </ClInclude>
    <ClInclude Include="ConstraintModel.h">
      <Filter>头文件</Filter>
    </ClInclude>
    <ClInclude Include="ConstraintOp.h">
      <Filter>头文件</Filter>
    </ClInclude>
    <ClInclude Include="LogModel.h">
      <Filter>头文件</Filter>
    </ClInclude>
    <ClInclude Include="LogOp.h">
      <Filter>头文件</Filter>
    </ClInclude>
  </ItemGroup>
  <ItemGroup>
    <ClCompile Include="myDBMS1.cpp">
      <Filter>源文件</Filter>
    </ClCompile>
    <ClCompile Include="MainFrm.cpp">
      <Filter>源文件</Filter>
    </ClCompile>
    <ClCompile Include="myDBMS1Doc.cpp">
      <Filter>源文件</Filter>
    </ClCompile>
    <ClCompile Include="myDBMS1View.cpp">
      <Filter>源文件</Filter>
    </ClCompile>
    <ClCompile Include="pch.cpp">
      <Filter>源文件</Filter>
    </ClCompile>
    <ClCompile Include="DBModel.cpp">
      <Filter>源文件</Filter>
    </ClCompile>
    <ClCompile Include="DBOp.cpp">
      <Filter>源文件</Filter>
    </ClCompile>
    <ClCompile Include="FileOp.cpp">
      <Filter>源文件</Filter>
    </ClCompile>
    <ClCompile Include="CDBView.cpp">
      <Filter>源文件</Filter>
    </ClCompile>
    <ClCompile Include="TableView.cpp">
      <Filter>源文件</Filter>
    </ClCompile>
    <ClCompile Include="ParseSQL.cpp">
      <Filter>源文件</Filter>
    </ClCompile>
    <ClCompile Include="SqlDialog.cpp">
      <Filter>源文件</Filter>
    </ClCompile>
    <ClCompile Include="TableModel.cpp">
      <Filter>源文件</Filter>
    </ClCompile>
    <ClCompile Include="TableOp.cpp">
      <Filter>源文件</Filter>
    </ClCompile>
    <ClCompile Include="FieldModel.cpp">
      <Filter>源文件</Filter>
    </ClCompile>
    <ClCompile Include="FieldOp.cpp">
      <Filter>源文件</Filter>
    </ClCompile>
    <ClCompile Include="FieldDialog.cpp">
      <Filter>源文件</Filter>
    </ClCompile>
    <ClCompile Include="DataModel.cpp">
      <Filter>源文件</Filter>
    </ClCompile>
    <ClCompile Include="DataOp.cpp">
      <Filter>源文件</Filter>
    </ClCompile>
    <ClCompile Include="DataInsertDlg.cpp">
      <Filter>源文件</Filter>
    </ClCompile>
    <ClCompile Include="ConstraintModel.cpp">
      <Filter>源文件</Filter>
    </ClCompile>
    <ClCompile Include="ConstraintOp.cpp">
      <Filter>源文件</Filter>
    </ClCompile>
    <ClCompile Include="LogModel.cpp">
      <Filter>源文件</Filter>
    </ClCompile>
    <ClCompile Include="LogOp.cpp">
      <Filter>源文件</Filter>
    </ClCompile>
  </ItemGroup>
  <ItemGroup>
    <ResourceCompile Include="myDBMS1.rc">
      <Filter>资源文件</Filter>
    </ResourceCompile>
  </ItemGroup>
  <ItemGroup>
    <None Include="res\myDBMS1.rc2">
      <Filter>资源文件</Filter>
    </None>
  </ItemGroup>
  <ItemGroup>
    <Image Include="res\myDBMS1Doc.ico">
      <Filter>资源文件</Filter>
    </Image>
    <Image Include="res\myDBMS1.ico">
      <Filter>资源文件</Filter>
    </Image>
    <Image Include="res\Toolbar.bmp">
      <Filter>资源文件</Filter>
    </Image>
  </ItemGroup>
</Project>